PODS:
  - RelizKit (5.1):
    - RelizKit/Core (= 5.1)
  - RelizKit/Core (5.1):
    - RelizKit/CoreOnly
    - RelizKit/RZEvent
    - RelizKit/RZObservableKit
    - RelizKit/RZStoreKit
    - RelizKit/RZUIKit
  - RelizKit/CoreOnly (5.1)
  - RelizKit/RZDarkModeKit (5.1):
    - RelizKit/CoreOnly
    - RZDarkModeKit
  - RelizKit/RZEvent (5.1):
    - RelizKit/CoreOnly
    - RZEvent
  - RelizKit/RZObservableKit (5.1):
    - RelizKit/CoreOnly
    - RZObservableKit
  - RelizKit/RZStoreKit (5.1):
    - RelizKit/CoreOnly
    - RZStoreKit
  - RelizKit/RZUIKit (5.1):
    - RelizKit/CoreOnly
    - RelizKit/RZDarkModeKit
    - RelizKit/RZUIPacKit
    - RelizKit/RZViewBuilder
  - RelizKit/RZUIPacKit (5.1):
    - RelizKit/CoreOnly
    - RZUIPacKit
  - RelizKit/RZViewBuilder (5.1):
    - RelizKit/CoreOnly
    - RZViewBuilder
  - RZDarkModeKit (2.0.7)
  - RZEvent (1.0.2)
  - RZObservableKit (1.0.6)
  - RZStoreKit (1.0):
    - SwiftyStoreKit
  - RZUIPacKit (1.1.3):
    - RZObservableKit
  - RZViewBuilder (2.4.4):
    - RZDarkModeKit
    - RZObservableKit
  - SwiftyStoreKit (0.16.1)

DEPENDENCIES:
  - RelizKit

SPEC REPOS:
  trunk:
    - RelizKit
    - RZDarkModeKit
    - RZEvent
    - RZObservableKit
    - RZStoreKit
    - RZUIPacKit
    - RZViewBuilder
    - SwiftyStoreKit

SPEC CHECKSUMS:
  RelizKit: 50db624a021e653152981399ab06a744c36f37e6
  RZDarkModeKit: a0cd9d03afec63c9084299f55eab1427057b9131
  RZEvent: 1c92e370ee95c32f54e2ca4acec07d194a04b2a4
  RZObservableKit: 9ab3a8e8aa362359c3ef21870b53da9e611fd543
  RZStoreKit: 4bf888dc6ad1f1e2c516873b7c5a324c88676813
  RZUIPacKit: e05ae62dafb69a77706e4716e9df56679023f596
  RZViewBuilder: 3cad65dacb5739d328a0d2b0578b21640e10168e
  SwiftyStoreKit: 6b9c08810269f030586dac1fae8e75871a82e84a

PODFILE CHECKSUM: 5c6d4b3a331944a2fd7a65936ed1428260dccd66

COCOAPODS: 1.10.0
